
Microsoft Visual Studio Solution File, Format Version 12.00
# Visual Studio 15
VisualStudioVersion = 15.0.26114.2
MinimumVisualStudioVersion = 10.0.40219.1
Project("{2150E333-8FDC-42A3-9474-1A3956D46DE8}") = "src", "src", "{8BC02C21-3BDA-4806-AA7D-D055C66B0FA8}"
EndProject
Project("{FAE04EC0-301F-11D3-BF4B-00C04F79EFBC}") = "BarLocatorService", "src\BarLocatorService\BarLocatorService.csproj", "{64885AE8-8B63-489E-971A-5A28789961B8}"
EndProject
Project("{2150E333-8FDC-42A3-9474-1A3956D46DE8}") = "test", "test", "{3E73D958-0CB1-4486-8068-BE8CB6DECD82}"
EndProject
Project("{FAE04EC0-301F-11D3-BF4B-00C04F79EFBC}") = "BarLocatorService.Test", "test\BarLocatorService.Test\BarLocatorService.Test.csproj", "{3ABDC415-B676-43DC-8DAA-4FABB5B05E85}"
EndProject
Global
	GlobalSection(SolutionConfigurationPlatforms) = preSolution
		Debug|Any CPU = Debug|Any CPU
		Release|Any CPU = Release|Any CPU
	EndGlobalSection
	GlobalSection(ProjectConfigurationPlatforms) = postSolution
		{64885AE8-8B63-489E-971A-5A28789961B8}.Debug|Any CPU.ActiveCfg = Debug|Any CPU
		{64885AE8-8B63-489E-971A-5A28789961B8}.Debug|Any CPU.Build.0 = Debug|Any CPU
		{64885AE8-8B63-489E-971A-5A28789961B8}.Release|Any CPU.ActiveCfg = Release|Any CPU
		{64885AE8-8B63-489E-971A-5A28789961B8}.Release|Any CPU.Build.0 = Release|Any CPU
		{3ABDC415-B676-43DC-8DAA-4FABB5B05E85}.Debug|Any CPU.ActiveCfg = Debug|Any CPU
		{3ABDC415-B676-43DC-8DAA-4FABB5B05E85}.Debug|Any CPU.Build.0 = Debug|Any CPU
		{3ABDC415-B676-43DC-8DAA-4FABB5B05E85}.Release|Any CPU.ActiveCfg = Release|Any CPU
		{3ABDC415-B676-43DC-8DAA-4FABB5B05E85}.Release|Any CPU.Build.0 = Release|Any CPU
	EndGlobalSection
	GlobalSection(SolutionProperties) = preSolution
		HideSolutionNode = FALSE
	EndGlobalSection
	GlobalSection(NestedProjects) = preSolution
		{64885AE8-8B63-489E-971A-5A28789961B8} = {8BC02C21-3BDA-4806-AA7D-D055C66B0FA8}
		{3ABDC415-B676-43DC-8DAA-4FABB5B05E85} = {3E73D958-0CB1-4486-8068-BE8CB6DECD82}
	EndGlobalSection
EndGlobal
